
Microsoft Visual Studio Solution File, Format Version 12.00
# Visual Studio Version 16
VisualStudioVersion = 16.0.30717.126
MinimumVisualStudioVersion = 10.0.40219.1
Project("{FAE04EC0-301F-11D3-BF4B-00C04F79EFBC}") = "TrackerLibrary", "TrackerLibrary\TrackerLibrary.csproj", "{B4CF1F32-5470-43E9-A278-E4D74A2F4871}"
EndProject
Project("{FAE04EC0-301F-11D3-BF4B-00C04F79EFBC}") = "TrackerUI", "TrackerUI\TrackerUI.csproj", "{F759D515-134E-428F-9FD4-194B58FD4C28}"
EndProject
Global
	GlobalSection(SolutionConfigurationPlatforms) = preSolution
		Debug|Any CPU = Debug|Any CPU
		Release|Any CPU = Release|Any CPU
	EndGlobalSection
	GlobalSection(ProjectConfigurationPlatforms) = postSolution
		{B4CF1F32-5470-43E9-A278-E4D74A2F4871}.Debug|Any CPU.ActiveCfg = Debug|Any CPU
		{B4CF1F32-5470-43E9-A278-E4D74A2F4871}.Debug|Any CPU.Build.0 = Debug|Any CPU
		{B4CF1F32-5470-43E9-A278-E4D74A2F4871}.Release|Any CPU.ActiveCfg = Release|Any CPU
		{B4CF1F32-5470-43E9-A278-E4D74A2F4871}.Release|Any CPU.Build.0 = Release|Any CPU
		{F759D515-134E-428F-9FD4-194B58FD4C28}.Debug|Any CPU.ActiveCfg = Debug|Any CPU
		{F759D515-134E-428F-9FD4-194B58FD4C28}.Debug|Any CPU.Build.0 = Debug|Any CPU
		{F759D515-134E-428F-9FD4-194B58FD4C28}.Release|Any CPU.ActiveCfg = Release|Any CPU
		{F759D515-134E-428F-9FD4-194B58FD4C28}.Release|Any CPU.Build.0 = Release|Any CPU
	EndGlobalSection
	GlobalSection(SolutionProperties) = preSolution
		HideSolutionNode = FALSE
	EndGlobalSection
	GlobalSection(ExtensibilityGlobals) = postSolution
		SolutionGuid = {A9BA5E45-D6C3-460F-B012-7ECE08A1DA77}
	EndGlobalSection
EndGlobal
